// !$*UTF8*$!
{
	archiveVersion = 1;
	classes = {
	};
	objectVersion = 55;
	objects = {

/* Begin PBXBuildFile section */
		491958C72808709A0012F306 /* main.cpp in Sources */ = {isa = PBXBuildFile; fileRef = 491958C62808709A0012F306 /* main.cpp */; };
		497E4DE12CEECB090079D258 /* tigr.c in Sources */ = {isa = PBXBuildFile; fileRef = 497E4DE02CEECB090079D258 /* tigr.c */; };
		497E4DE22CEECB090079D258 /* tigr.c in Sources */ = {isa = PBXBuildFile; fileRef = 497E4DE02CEECB090079D258 /* tigr.c */; };
		497E4DE32CEECB090079D258 /* tigr.c in Sources */ = {isa = PBXBuildFile; fileRef = 497E4DE02CEECB090079D258 /* tigr.c */; };
		497E4DE62CEECBF60079D258 /* WordClock.cpp in Sources */ = {isa = PBXBuildFile; fileRef = 497E4DE52CEECBF60079D258 /* WordClock.cpp */; };
		497E4DF32CF019EA0079D258 /* Application.cpp in Sources */ = {isa = PBXBuildFile; fileRef = 497E4DF22CF019EA0079D258 /* Application.cpp */; };
		497E4DF42CF019EA0079D258 /* Application.cpp in Sources */ = {isa = PBXBuildFile; fileRef = 497E4DF22CF019EA0079D258 /* Application.cpp */; };
		499554A127FDD84600D04E66 /* main.cpp in Sources */ = {isa = PBXBuildFile; fileRef = 499554A027FDD84600D04E66 /* main.cpp */; };
		499554BD27FE59D900D04E66 /* Cocoa.framework in Frameworks */ = {isa = PBXBuildFile; fileRef = 499554BC27FE59D900D04E66 /* Cocoa.framework */; };
		499554BF27FE59EC00D04E66 /* OpenGL.framework in Frameworks */ = {isa = PBXBuildFile; fileRef = 499554BE27FE59EC00D04E66 /* OpenGL.framework */; };
		499554CA27FF355500D04E66 /* main.cpp in Sources */ = {isa = PBXBuildFile; fileRef = 499554C927FF355500D04E66 /* main.cpp */; };
		499554CE27FF355F00D04E66 /* Cocoa.framework in Frameworks */ = {isa = PBXBuildFile; fileRef = 499554BC27FE59D900D04E66 /* Cocoa.framework */; };
		499554CF27FF356600D04E66 /* OpenGL.framework in Frameworks */ = {isa = PBXBuildFile; fileRef = 499554BE27FE59EC00D04E66 /* OpenGL.framework */; };
		4995551527FF96E500D04E66 /* WordClock-Wawati-800.png in CopyFiles */ = {isa = PBXBuildFile; fileRef = 4995551427FF96CC00D04E66 /* WordClock-Wawati-800.png */; };
		49B0FBCF2804AACA00F07F3E /* WordClock-Hoefler-800.png in CopyFiles */ = {isa = PBXBuildFile; fileRef = 49B0FBCD2804AAC200F07F3E /* WordClock-Hoefler-800.png */; };
/* End PBXBuildFile section */

/* Begin PBXCopyFilesBuildPhase section */
		491958C22808709A0012F306 /* CopyFiles */ = {
			isa = PBXCopyFilesBuildPhase;
			buildActionMask = 2147483647;
			dstPath = /usr/share/man/man1/;
			dstSubfolderSpec = 0;
			files = (
			);
			runOnlyForDeploymentPostprocessing = 1;
		};
		4995547B27FCFD5400D04E66 /* CopyFiles */ = {
			isa = PBXCopyFilesBuildPhase;
			buildActionMask = 2147483647;
			dstPath = /usr/share/man/man1/;
			dstSubfolderSpec = 0;
			files = (
			);
			runOnlyForDeploymentPostprocessing = 1;
		};
		499554C527FF355500D04E66 /* CopyFiles */ = {
			isa = PBXCopyFilesBuildPhase;
			buildActionMask = 12;
			dstPath = "";
			dstSubfolderSpec = 16;
			files = (
				49B0FBCF2804AACA00F07F3E /* WordClock-Hoefler-800.png in CopyFiles */,
				4995551527FF96E500D04E66 /* WordClock-Wawati-800.png in CopyFiles */,
			);
			runOnlyForDeploymentPostprocessing = 0;
		};
/* End PBXCopyFilesBuildPhase section */

/* Begin PBXFileReference section */
		491958C42808709A0012F306 /* OfficeClock */ = {isa = PBXFileReference; explicitFileType = "compiled.mach-o.executable"; includeInIndex = 0; path = OfficeClock; sourceTree = BUILT_PRODUCTS_DIR; };
		491958C62808709A0012F306 /* main.cpp */ = {isa = PBXFileReference; lastKnownFileType = sourcecode.cpp.cpp; path = main.cpp; sourceTree = "<group>"; };
		491958CD280877530012F306 /* OfficeClock.ino */ = {isa = PBXFileReference; explicitFileType = sourcecode.cpp.cpp; fileEncoding = 4; name = OfficeClock.ino; path = ../OfficeClock/OfficeClock.ino; sourceTree = "<group>"; xcLanguageSpecificationIdentifier = xcode.lang.cpp; };
		491958CF280890790012F306 /* WordClock.ino */ = {isa = PBXFileReference; explicitFileType = sourcecode.cpp.cpp; fileEncoding = 4; name = WordClock.ino; path = ../../WordClock/WordClock.ino; sourceTree = "<group>"; };
		491958D2280890BA0012F306 /* Etherclock.ino */ = {isa = PBXFileReference; explicitFileType = sourcecode.cpp.cpp; fileEncoding = 4; name = Etherclock.ino; path = ../Etherclock/Etherclock.ino; sourceTree = "<group>"; };
		497E4DDF2CEECB090079D258 /* tigr.h */ = {isa = PBXFileReference; lastKnownFileType = sourcecode.c.h; name = tigr.h; path = ../tigr/tigr.h; sourceTree = SOURCE_ROOT; };
		497E4DE02CEECB090079D258 /* tigr.c */ = {isa = PBXFileReference; lastKnownFileType = sourcecode.c.c; name = tigr.c; path = ../tigr/tigr.c; sourceTree = SOURCE_ROOT; };
		497E4DE42CEECBF60079D258 /* WordClock.h */ = {isa = PBXFileReference; lastKnownFileType = sourcecode.c.h; name = WordClock.h; path = ../WordClock/WordClock.h; sourceTree = SOURCE_ROOT; };
		497E4DE52CEECBF60079D258 /* WordClock.cpp */ = {isa = PBXFileReference; lastKnownFileType = sourcecode.cpp.cpp; name = WordClock.cpp; path = ../WordClock/WordClock.cpp; sourceTree = SOURCE_ROOT; };
		497E4DF22CF019EA0079D258 /* Application.cpp */ = {isa = PBXFileReference; lastKnownFileType = sourcecode.cpp.cpp; path = Application.cpp; sourceTree = "<group>"; };
		497E4DF52CF019F80079D258 /* Application.h */ = {isa = PBXFileReference; lastKnownFileType = sourcecode.c.h; path = Application.h; sourceTree = "<group>"; };
		4995547D27FCFD5400D04E66 /* EtherClock */ = {isa = PBXFileReference; explicitFileType = "compiled.mach-o.executable"; includeInIndex = 0; path = EtherClock; sourceTree = BUILT_PRODUCTS_DIR; };
		4995548727FD048400D04E66 /* ButtonManager.cpp */ = {isa = PBXFileReference; lastKnownFileType = sourcecode.cpp.cpp; name = ButtonManager.cpp; path = ../ESPLib/ButtonManager.cpp; sourceTree = "<group>"; };
		4995548827FD048400D04E66 /* DSP7S04B.cpp */ = {isa = PBXFileReference; lastKnownFileType = sourcecode.cpp.cpp; name = DSP7S04B.cpp; path = ../ESPLib/DSP7S04B.cpp; sourceTree = "<group>"; };
		4995548927FD048400D04E66 /* Font_Compact_5pt.h */ = {isa = PBXFileReference; lastKnownFileType = sourcecode.c.h; name = Font_Compact_5pt.h; path = ../ESPLib/Font_Compact_5pt.h; sourceTree = "<group>"; };
		4995548A27FD048400D04E66 /* MenuSystem.cpp */ = {isa = PBXFileReference; lastKnownFileType = sourcecode.cpp.cpp; name = MenuSystem.cpp; path = ../ESPLib/MenuSystem.cpp; sourceTree = "<group>"; };
		4995548B27FD048400D04E66 /* LocalTimeServer.cpp */ = {isa = PBXFileReference; lastKnownFileType = sourcecode.cpp.cpp; name = LocalTimeServer.cpp; path = ../ESPLib/LocalTimeServer.cpp; sourceTree = "<group>"; };
		4995548C27FD048400D04E66 /* Clock.cpp */ = {isa = PBXFileReference; lastKnownFileType = sourcecode.cpp.cpp; name = Clock.cpp; path = ../ESPLib/Clock.cpp; sourceTree = "<group>"; };
		4995548D27FD048400D04E66 /* BrightnessManager.cpp */ = {isa = PBXFileReference; lastKnownFileType = sourcecode.cpp.cpp; name = BrightnessManager.cpp; path = ../ESPLib/BrightnessManager.cpp; sourceTree = "<group>"; };
		4995548E27FD048400D04E66 /* mil.h */ = {isa = PBXFileReference; lastKnownFileType = sourcecode.c.h; name = mil.h; path = ../ESPLib/mil.h; sourceTree = "<group>"; };
		4995548F27FD048500D04E66 /* Max7219Display.cpp */ = {isa = PBXFileReference; lastKnownFileType = sourcecode.cpp.cpp; name = Max7219Display.cpp; path = ../ESPLib/Max7219Display.cpp; sourceTree = "<group>"; };
		4995549027FD048500D04E66 /* WeatherServer.cpp */ = {isa = PBXFileReference; lastKnownFileType = sourcecode.cpp.cpp; name = WeatherServer.cpp; path = ../ESPLib/WeatherServer.cpp; sourceTree = "<group>"; };
		4995549127FD048500D04E66 /* Font_8x8_8pt.h */ = {isa = PBXFileReference; lastKnownFileType = sourcecode.c.h; name = Font_8x8_8pt.h; path = ../ESPLib/Font_8x8_8pt.h; sourceTree = "<group>"; };
		4995549227FD049B00D04E66 /* Blinker.h */ = {isa = PBXFileReference; fileEncoding = 4; lastKnownFileType = sourcecode.c.h; name = Blinker.h; path = ../ESPLib/mil/Blinker.h; sourceTree = "<group>"; };
		4995549327FD049B00D04E66 /* BrightnessManager.h */ = {isa = PBXFileReference; fileEncoding = 4; lastKnownFileType = sourcecode.c.h; name = BrightnessManager.h; path = ../ESPLib/mil/BrightnessManager.h; sourceTree = "<group>"; };
		4995549427FD049B00D04E66 /* LocalTimeServer.h */ = {isa = PBXFileReference; fileEncoding = 4; lastKnownFileType = sourcecode.c.h; name = LocalTimeServer.h; path = ../ESPLib/mil/LocalTimeServer.h; sourceTree = "<group>"; };
		4995549527FD049B00D04E66 /* DSP7S04B.h */ = {isa = PBXFileReference; fileEncoding = 4; lastKnownFileType = sourcecode.c.h; name = DSP7S04B.h; path = ../ESPLib/mil/DSP7S04B.h; sourceTree = "<group>"; };
		4995549627FD049B00D04E66 /* Max7219Display.h */ = {isa = PBXFileReference; fileEncoding = 4; lastKnownFileType = sourcecode.c.h; name = Max7219Display.h; path = ../ESPLib/mil/Max7219Display.h; sourceTree = "<group>"; };
		4995549727FD049B00D04E66 /* Clock.h */ = {isa = PBXFileReference; fileEncoding = 4; lastKnownFileType = sourcecode.c.h; name = Clock.h; path = ../ESPLib/mil/Clock.h; sourceTree = "<group>"; };
		4995549827FD049B00D04E66 /* WeatherServer.h */ = {isa = PBXFileReference; fileEncoding = 4; lastKnownFileType = sourcecode.c.h; name = WeatherServer.h; path = ../ESPLib/mil/WeatherServer.h; sourceTree = "<group>"; };
		4995549927FD049B00D04E66 /* ButtonManager.h */ = {isa = PBXFileReference; fileEncoding = 4; lastKnownFileType = sourcecode.c.h; name = ButtonManager.h; path = ../ESPLib/mil/ButtonManager.h; sourceTree = "<group>"; };
		4995549A27FD049B00D04E66 /* MenuSystem.h */ = {isa = PBXFileReference; fileEncoding = 4; lastKnownFileType = sourcecode.c.h; name = MenuSystem.h; path = ../ESPLib/mil/MenuSystem.h; sourceTree = "<group>"; };
		4995549B27FD049B00D04E66 /* StateMachine.h */ = {isa = PBXFileReference; fileEncoding = 4; lastKnownFileType = sourcecode.c.h; name = StateMachine.h; path = ../ESPLib/mil/StateMachine.h; sourceTree = "<group>"; };
		4995549D27FD07CB00D04E66 /* SDL2.framework */ = {isa = PBXFileReference; lastKnownFileType = wrapper.framework; name = SDL2.framework; path = ../../../../Library/Frameworks/SDL2.framework; sourceTree = "<group>"; };
		499554A027FDD84600D04E66 /* main.cpp */ = {isa = PBXFileReference; fileEncoding = 4; lastKnownFileType = sourcecode.cpp.cpp; path = main.cpp; sourceTree = "<group>"; };
		499554BC27FE59D900D04E66 /* Cocoa.framework */ = {isa = PBXFileReference; lastKnownFileType = wrapper.framework; name = Cocoa.framework; path = System/Library/Frameworks/Cocoa.framework; sourceTree = SDKROOT; };
		499554BE27FE59EC00D04E66 /* OpenGL.framework */ = {isa = PBXFileReference; lastKnownFileType = wrapper.framework; name = OpenGL.framework; path = System/Library/Frameworks/OpenGL.framework; sourceTree = SDKROOT; };
		499554C727FF355500D04E66 /* WordClock */ = {isa = PBXFileReference; explicitFileType = "compiled.mach-o.executable"; includeInIndex = 0; path = WordClock; sourceTree = BUILT_PRODUCTS_DIR; };
		499554C927FF355500D04E66 /* main.cpp */ = {isa = PBXFileReference; lastKnownFileType = sourcecode.cpp.cpp; path = main.cpp; sourceTree = "<group>"; };
		4995551327FF96CC00D04E66 /* WordClock-Wawati-1600.png */ = {isa = PBXFileReference; lastKnownFileType = image.png; name = "WordClock-Wawati-1600.png"; path = "../../WordClock/WordClock-Wawati-1600.png"; sourceTree = "<group>"; };
		4995551427FF96CC00D04E66 /* WordClock-Wawati-800.png */ = {isa = PBXFileReference; lastKnownFileType = image.png; name = "WordClock-Wawati-800.png"; path = "../../WordClock/WordClock-Wawati-800.png"; sourceTree = "<group>"; };
		49B0FBCD2804AAC200F07F3E /* WordClock-Hoefler-800.png */ = {isa = PBXFileReference; lastKnownFileType = image.png; name = "WordClock-Hoefler-800.png"; path = "../../WordClock/WordClock-Hoefler-800.png"; sourceTree = "<group>"; };
		49B0FBCE2804AAC200F07F3E /* WordClock-Hoefler-1600.png */ = {isa = PBXFileReference; lastKnownFileType = image.png; name = "WordClock-Hoefler-1600.png"; path = "../../WordClock/WordClock-Hoefler-1600.png"; sourceTree = "<group>"; };
/* End PBXFileReference section */

/* Begin PBXFrameworksBuildPhase section */
		491958C12808709A0012F306 /* Frameworks */ = {
			isa = PBXFrameworksBuildPhase;
			buildActionMask = 2147483647;
			files = (
			);
			runOnlyForDeploymentPostprocessing = 0;
		};
		4995547A27FCFD5400D04E66 /* Frameworks */ = {
			isa = PBXFrameworksBuildPhase;
			buildActionMask = 2147483647;
			files = (
				499554BF27FE59EC00D04E66 /* OpenGL.framework in Frameworks */,
				499554BD27FE59D900D04E66 /* Cocoa.framework in Frameworks */,
			);
			runOnlyForDeploymentPostprocessing = 0;
		};
		499554C427FF355500D04E66 /* Frameworks */ = {
			isa = PBXFrameworksBuildPhase;
			buildActionMask = 2147483647;
			files = (
				499554CE27FF355F00D04E66 /* Cocoa.framework in Frameworks */,
				499554CF27FF356600D04E66 /* OpenGL.framework in Frameworks */,
			);
			runOnlyForDeploymentPostprocessing = 0;
		};
/* End PBXFrameworksBuildPhase section */

/* Begin PBXGroup section */
		491958BE28086EFD0012F306 /* mac */ = {
			isa = PBXGroup;
			children = (
				499554C927FF355500D04E66 /* main.cpp */,
			);
			name = mac;
			sourceTree = "<group>";
		};
		491958BF28086F420012F306 /* esp */ = {
			isa = PBXGroup;
			children = (
				491958CF280890790012F306 /* WordClock.ino */,
			);
			name = esp;
			sourceTree = "<group>";
		};
		491958C52808709A0012F306 /* OfficeClock */ = {
			isa = PBXGroup;
			children = (
				491958CE2808904E0012F306 /* mac */,
				491958CC280876D50012F306 /* esp */,
			);
			path = OfficeClock;
			sourceTree = "<group>";
		};
		491958CC280876D50012F306 /* esp */ = {
			isa = PBXGroup;
			children = (
				491958CD280877530012F306 /* OfficeClock.ino */,
			);
			name = esp;
			path = ..;
			sourceTree = "<group>";
		};
		491958CE2808904E0012F306 /* mac */ = {
			isa = PBXGroup;
			children = (
				491958C62808709A0012F306 /* main.cpp */,
			);
			name = mac;
			sourceTree = "<group>";
		};
		491958D0280890930012F306 /* mac */ = {
			isa = PBXGroup;
			children = (
				499554A027FDD84600D04E66 /* main.cpp */,
			);
			name = mac;
			path = EtherClock;
			sourceTree = "<group>";
		};
		491958D12808909B0012F306 /* esp */ = {
			isa = PBXGroup;
			children = (
				491958D2280890BA0012F306 /* Etherclock.ino */,
			);
			name = esp;
			sourceTree = "<group>";
		};
		497E4DDE2CEECAED0079D258 /* tigr */ = {
			isa = PBXGroup;
			children = (
				497E4DDF2CEECB090079D258 /* tigr.h */,
				497E4DE02CEECB090079D258 /* tigr.c */,
			);
			name = tigr;
			path = ../tigr;
			sourceTree = "<group>";
		};
		4995545627FB42FC00D04E66 = {
			isa = PBXGroup;
			children = (
				497E4DDE2CEECAED0079D258 /* tigr */,
				4995548627FD045B00D04E66 /* ESPLib */,
				4995547827FCFC4500D04E66 /* EtherClock */,
				499554C827FF355500D04E66 /* WordClock */,
				491958C52808709A0012F306 /* OfficeClock */,
				4995546027FB42FC00D04E66 /* Products */,
				4995549C27FD07CA00D04E66 /* Frameworks */,
			);
			sourceTree = "<group>";
		};
		4995546027FB42FC00D04E66 /* Products */ = {
			isa = PBXGroup;
			children = (
				4995547D27FCFD5400D04E66 /* EtherClock */,
				499554C727FF355500D04E66 /* WordClock */,
				491958C42808709A0012F306 /* OfficeClock */,
			);
			name = Products;
			sourceTree = "<group>";
		};
		4995547827FCFC4500D04E66 /* EtherClock */ = {
			isa = PBXGroup;
			children = (
				491958D12808909B0012F306 /* esp */,
				491958D0280890930012F306 /* mac */,
			);
			name = EtherClock;
			sourceTree = "<group>";
		};
		4995548627FD045B00D04E66 /* ESPLib */ = {
			isa = PBXGroup;
			children = (
				497E4DF22CF019EA0079D258 /* Application.cpp */,
				497E4DF52CF019F80079D258 /* Application.h */,
				4995549227FD049B00D04E66 /* Blinker.h */,
				4995548D27FD048400D04E66 /* BrightnessManager.cpp */,
				4995549327FD049B00D04E66 /* BrightnessManager.h */,
				4995548727FD048400D04E66 /* ButtonManager.cpp */,
				4995549927FD049B00D04E66 /* ButtonManager.h */,
				4995548C27FD048400D04E66 /* Clock.cpp */,
				4995549727FD049B00D04E66 /* Clock.h */,
				4995548827FD048400D04E66 /* DSP7S04B.cpp */,
				4995549527FD049B00D04E66 /* DSP7S04B.h */,
				4995548B27FD048400D04E66 /* LocalTimeServer.cpp */,
				4995549427FD049B00D04E66 /* LocalTimeServer.h */,
				4995548F27FD048500D04E66 /* Max7219Display.cpp */,
				4995549627FD049B00D04E66 /* Max7219Display.h */,
				4995548A27FD048400D04E66 /* MenuSystem.cpp */,
				4995549A27FD049B00D04E66 /* MenuSystem.h */,
				4995549B27FD049B00D04E66 /* StateMachine.h */,
				4995549027FD048500D04E66 /* WeatherServer.cpp */,
				4995549827FD049B00D04E66 /* WeatherServer.h */,
				4995549127FD048500D04E66 /* Font_8x8_8pt.h */,
				4995548927FD048400D04E66 /* Font_Compact_5pt.h */,
				4995548E27FD048400D04E66 /* mil.h */,
			);
			name = ESPLib;
			sourceTree = "<group>";
		};
		4995549C27FD07CA00D04E66 /* Frameworks */ = {
			isa = PBXGroup;
			children = (
				499554BE27FE59EC00D04E66 /* OpenGL.framework */,
				499554BC27FE59D900D04E66 /* Cocoa.framework */,
				4995549D27FD07CB00D04E66 /* SDL2.framework */,
			);
			name = Frameworks;
			sourceTree = "<group>";
		};
		499554C827FF355500D04E66 /* WordClock */ = {
			isa = PBXGroup;
			children = (
				497E4DE42CEECBF60079D258 /* WordClock.h */,
				497E4DE52CEECBF60079D258 /* WordClock.cpp */,
				491958BF28086F420012F306 /* esp */,
				491958BE28086EFD0012F306 /* mac */,
				49B0FBCD2804AAC200F07F3E /* WordClock-Hoefler-800.png */,
				49B0FBCE2804AAC200F07F3E /* WordClock-Hoefler-1600.png */,
				4995551427FF96CC00D04E66 /* WordClock-Wawati-800.png */,
				4995551327FF96CC00D04E66 /* WordClock-Wawati-1600.png */,
			);
			path = WordClock;
			sourceTree = "<group>";
		};
/* End PBXGroup section */

/* Begin PBXNativeTarget section */
		491958C32808709A0012F306 /* OfficeClock */ = {
			isa = PBXNativeTarget;
			buildConfigurationList = 491958C82808709A0012F306 /* Build configuration list for PBXNativeTarget "OfficeClock" */;
			buildPhases = (
				491958C02808709A0012F306 /* Sources */,
				491958C12808709A0012F306 /* Frameworks */,
				491958C22808709A0012F306 /* CopyFiles */,
			);
			buildRules = (
			);
			dependencies = (
			);
			name = OfficeClock;
			productName = OfficeClock;
			productReference = 491958C42808709A0012F306 /* OfficeClock */;
			productType = "com.apple.product-type.tool";
		};
		4995547C27FCFD5400D04E66 /* EtherClock */ = {
			isa = PBXNativeTarget;
			buildConfigurationList = 4995548127FCFD5400D04E66 /* Build configuration list for PBXNativeTarget "EtherClock" */;
			buildPhases = (
				4995547927FCFD5400D04E66 /* Sources */,
				4995547A27FCFD5400D04E66 /* Frameworks */,
				4995547B27FCFD5400D04E66 /* CopyFiles */,
			);
			buildRules = (
			);
			dependencies = (
			);
			name = EtherClock;
			productName = EtherClock;
			productReference = 4995547D27FCFD5400D04E66 /* EtherClock */;
			productType = "com.apple.product-type.tool";
		};
		499554C627FF355500D04E66 /* WordClock */ = {
			isa = PBXNativeTarget;
			buildConfigurationList = 499554CB27FF355500D04E66 /* Build configuration list for PBXNativeTarget "WordClock" */;
			buildPhases = (
				499554C327FF355500D04E66 /* Sources */,
				499554C427FF355500D04E66 /* Frameworks */,
				499554C527FF355500D04E66 /* CopyFiles */,
			);
			buildRules = (
			);
			dependencies = (
			);
			name = WordClock;
			productName = WordClock;
			productReference = 499554C727FF355500D04E66 /* WordClock */;
			productType = "com.apple.product-type.tool";
		};
/* End PBXNativeTarget section */

/* Begin PBXProject section */
		4995545727FB42FC00D04E66 /* Project object */ = {
			isa = PBXProject;
			attributes = {
				BuildIndependentTargetsInParallel = 1;
				LastUpgradeCheck = 1610;
				TargetAttributes = {
					491958C32808709A0012F306 = {
						CreatedOnToolsVersion = 13.3.1;
					};
					4995547C27FCFD5400D04E66 = {
						CreatedOnToolsVersion = 13.3;
					};
					499554C627FF355500D04E66 = {
						CreatedOnToolsVersion = 13.3;
					};
				};
			};
			buildConfigurationList = 4995545A27FB42FC00D04E66 /* Build configuration list for PBXProject "Clocks" */;
			compatibilityVersion = "Xcode 13.0";
			developmentRegion = en;
			hasScannedForEncodings = 0;
			knownRegions = (
				en,
				Base,
			);
			mainGroup = 4995545627FB42FC00D04E66;
			productRefGroup = 4995546027FB42FC00D04E66 /* Products */;
			projectDirPath = "";
			projectRoot = "";
			targets = (
				4995547C27FCFD5400D04E66 /* EtherClock */,
				499554C627FF355500D04E66 /* WordClock */,
				491958C32808709A0012F306 /* OfficeClock */,
			);
		};
/* End PBXProject section */

/* Begin PBXSourcesBuildPhase section */
		491958C02808709A0012F306 /* Sources */ = {
			isa = PBXSourcesBuildPhase;
			buildActionMask = 2147483647;
			files = (
				491958C72808709A0012F306 /* main.cpp in Sources */,
				497E4DE22CEECB090079D258 /* tigr.c in Sources */,
				497E4DF32CF019EA0079D258 /* Application.cpp in Sources */,
			);
			runOnlyForDeploymentPostprocessing = 0;
		};
		4995547927FCFD5400D04E66 /* Sources */ = {
			isa = PBXSourcesBuildPhase;
			buildActionMask = 2147483647;
			files = (
				499554A127FDD84600D04E66 /* main.cpp in Sources */,
				497E4DE32CEECB090079D258 /* tigr.c in Sources */,
				497E4DF42CF019EA0079D258 /* Application.cpp in Sources */,
			);
			runOnlyForDeploymentPostprocessing = 0;
		};
		499554C327FF355500D04E66 /* Sources */ = {
			isa = PBXSourcesBuildPhase;
			buildActionMask = 2147483647;
			files = (
				497E4DE62CEECBF60079D258 /* WordClock.cpp in Sources */,
				497E4DE12CEECB090079D258 /* tigr.c in Sources */,
				499554CA27FF355500D04E66 /* main.cpp in Sources */,
			);
			runOnlyForDeploymentPostprocessing = 0;
		};
/* End PBXSourcesBuildPhase section */

/* Begin XCBuildConfiguration section */
		491958C92808709A0012F306 /* Debug */ = {
			isa = XCBuildConfiguration;
			buildSettings = {
				CODE_SIGN_STYLE = Automatic;
				DEAD_CODE_STRIPPING = YES;
				GCC_PREPROCESSOR_DEFINITIONS = "$(inherited)";
				PRODUCT_NAME = "$(TARGET_NAME)";
			};
			name = Debug;
		};
		491958CA2808709A0012F306 /* Release */ = {
			isa = XCBuildConfiguration;
			buildSettings = {
				CODE_SIGN_STYLE = Automatic;
				DEAD_CODE_STRIPPING = YES;
				GCC_PREPROCESSOR_DEFINITIONS = "$(inherited)";
				PRODUCT_NAME = "$(TARGET_NAME)";
			};
			name = Release;
		};
		4995546D27FB42FE00D04E66 /* Debug */ = {
			isa = XCBuildConfiguration;
			buildSettings = {
				ALWAYS_SEARCH_USER_PATHS = NO;
				CLANG_ANALYZER_NONNULL = YES;
				CLANG_ANALYZER_NUMBER_OBJECT_CONVERSION = YES_AGGRESSIVE;
				CLANG_CXX_LANGUAGE_STANDARD = "gnu++17";
				CLANG_ENABLE_MODULES = YES;
				CLANG_ENABLE_OBJC_ARC = YES;
				CLANG_ENABLE_OBJC_WEAK = YES;
				CLANG_WARN_BLOCK_CAPTURE_AUTORELEASING = YES;
				CLANG_WARN_BOOL_CONVERSION = YES;
				CLANG_WARN_COMMA = YES;
				CLANG_WARN_CONSTANT_CONVERSION = YES;
				CLANG_WARN_DEPRECATED_OBJC_IMPLEMENTATIONS = YES;
				CLANG_WARN_DIRECT_OBJC_ISA_USAGE = YES_ERROR;
				CLANG_WARN_DOCUMENTATION_COMMENTS = YES;
				CLANG_WARN_EMPTY_BODY = YES;
				CLANG_WARN_ENUM_CONVERSION = YES;
				CLANG_WARN_INFINITE_RECURSION = YES;
				CLANG_WARN_INT_CONVERSION = YES;
				CLANG_WARN_NON_LITERAL_NULL_CONVERSION = YES;
				CLANG_WARN_OBJC_IMPLICIT_RETAIN_SELF = YES;
				CLANG_WARN_OBJC_LITERAL_CONVERSION = YES;
				CLANG_WARN_OBJC_ROOT_CLASS = YES_ERROR;
				CLANG_WARN_QUOTED_INCLUDE_IN_FRAMEWORK_HEADER = YES;
				CLANG_WARN_RANGE_LOOP_ANALYSIS = YES;
				CLANG_WARN_STRICT_PROTOTYPES = YES;
				CLANG_WARN_SUSPICIOUS_MOVE = YES;
				CLANG_WARN_UNGUARDED_AVAILABILITY = YES_AGGRESSIVE;
				CLANG_WARN_UNREACHABLE_CODE = YES;
				CLANG_WARN__DUPLICATE_METHOD_MATCH = YES;
				COPY_PHASE_STRIP = NO;
				DEAD_CODE_STRIPPING = YES;
				DEBUG_INFORMATION_FORMAT = dwarf;
				ENABLE_STRICT_OBJC_MSGSEND = YES;
				ENABLE_TESTABILITY = YES;
				ENABLE_USER_SCRIPT_SANDBOXING = YES;
				GCC_C_LANGUAGE_STANDARD = gnu11;
				GCC_DYNAMIC_NO_PIC = NO;
				GCC_NO_COMMON_BLOCKS = YES;
				GCC_OPTIMIZATION_LEVEL = 0;
				GCC_PREPROCESSOR_DEFINITIONS = (
					GL_SILENCE_DEPRECATION,
					"DEBUG=1",
				);
				GCC_WARN_64_TO_32_BIT_CONVERSION = YES;
				GCC_WARN_ABOUT_RETURN_TYPE = YES_ERROR;
				GCC_WARN_UNDECLARED_SELECTOR = YES;
				GCC_WARN_UNINITIALIZED_AUTOS = YES_AGGRESSIVE;
				GCC_WARN_UNUSED_FUNCTION = YES;
				GCC_WARN_UNUSED_VARIABLE = YES;
				MACOSX_DEPLOYMENT_TARGET = 12.3;
				MTL_ENABLE_DEBUG_INFO = INCLUDE_SOURCE;
				MTL_FAST_MATH = YES;
				ONLY_ACTIVE_ARCH = YES;
				SCAN_ALL_SOURCE_FILES_FOR_INCLUDES = NO;
				SDKROOT = macosx;
			};
			name = Debug;
		};
		4995546E27FB42FE00D04E66 /* Release */ = {
			isa = XCBuildConfiguration;
			buildSettings = {
				ALWAYS_SEARCH_USER_PATHS = NO;
				CLANG_ANALYZER_NONNULL = YES;
				CLANG_ANALYZER_NUMBER_OBJECT_CONVERSION = YES_AGGRESSIVE;
				CLANG_CXX_LANGUAGE_STANDARD = "gnu++17";
				CLANG_ENABLE_MODULES = YES;
				CLANG_ENABLE_OBJC_ARC = YES;
				CLANG_ENABLE_OBJC_WEAK = YES;
				CLANG_WARN_BLOCK_CAPTURE_AUTORELEASING = YES;
				CLANG_WARN_BOOL_CONVERSION = YES;
				CLANG_WARN_COMMA = YES;
				CLANG_WARN_CONSTANT_CONVERSION = YES;
				CLANG_WARN_DEPRECATED_OBJC_IMPLEMENTATIONS = YES;
				CLANG_WARN_DIRECT_OBJC_ISA_USAGE = YES_ERROR;
				CLANG_WARN_DOCUMENTATION_COMMENTS = YES;
				CLANG_WARN_EMPTY_BODY = YES;
				CLANG_WARN_ENUM_CONVERSION = YES;
				CLANG_WARN_INFINITE_RECURSION = YES;
				CLANG_WARN_INT_CONVERSION = YES;
				CLANG_WARN_NON_LITERAL_NULL_CONVERSION = YES;
				CLANG_WARN_OBJC_IMPLICIT_RETAIN_SELF = YES;
				CLANG_WARN_OBJC_LITERAL_CONVERSION = YES;
				CLANG_WARN_OBJC_ROOT_CLASS = YES_ERROR;
				CLANG_WARN_QUOTED_INCLUDE_IN_FRAMEWORK_HEADER = YES;
				CLANG_WARN_RANGE_LOOP_ANALYSIS = YES;
				CLANG_WARN_STRICT_PROTOTYPES = YES;
				CLANG_WARN_SUSPICIOUS_MOVE = YES;
				CLANG_WARN_UNGUARDED_AVAILABILITY = YES_AGGRESSIVE;
				CLANG_WARN_UNREACHABLE_CODE = YES;
				CLANG_WARN__DUPLICATE_METHOD_MATCH = YES;
				COPY_PHASE_STRIP = NO;
				DEAD_CODE_STRIPPING = YES;
				DEBUG_INFORMATION_FORMAT = "dwarf-with-dsym";
				ENABLE_NS_ASSERTIONS = NO;
				ENABLE_STRICT_OBJC_MSGSEND = YES;
				ENABLE_USER_SCRIPT_SANDBOXING = YES;
				GCC_C_LANGUAGE_STANDARD = gnu11;
				GCC_NO_COMMON_BLOCKS = YES;
				GCC_PREPROCESSOR_DEFINITIONS = GL_SILENCE_DEPRECATION;
				GCC_WARN_64_TO_32_BIT_CONVERSION = YES;
				GCC_WARN_ABOUT_RETURN_TYPE = YES_ERROR;
				GCC_WARN_UNDECLARED_SELECTOR = YES;
				GCC_WARN_UNINITIALIZED_AUTOS = YES_AGGRESSIVE;
				GCC_WARN_UNUSED_FUNCTION = YES;
				GCC_WARN_UNUSED_VARIABLE = YES;
				MACOSX_DEPLOYMENT_TARGET = 12.3;
				MTL_ENABLE_DEBUG_INFO = NO;
				MTL_FAST_MATH = YES;
				SCAN_ALL_SOURCE_FILES_FOR_INCLUDES = NO;
				SDKROOT = macosx;
			};
			name = Release;
		};
		4995548227FCFD5400D04E66 /* Debug */ = {
			isa = XCBuildConfiguration;
			buildSettings = {
				CLANG_WARN_QUOTED_INCLUDE_IN_FRAMEWORK_HEADER = NO;
				CODE_SIGN_STYLE = Automatic;
				DEAD_CODE_STRIPPING = YES;
				FRAMEWORK_SEARCH_PATHS = (
					"$(inherited)",
					"$(USER_LIBRARY_DIR)/Frameworks",
				);
				GCC_PREPROCESSOR_DEFINITIONS = "$(inherited)";
				LD_RUNPATH_SEARCH_PATHS = (
					"$(inherited)",
					"$(USER_LIBRARY_DIR)/Frameworks",
				);
				PRODUCT_NAME = "$(TARGET_NAME)";
			};
			name = Debug;
		};
		4995548327FCFD5400D04E66 /* Release */ = {
			isa = XCBuildConfiguration;
			buildSettings = {
				CLANG_WARN_QUOTED_INCLUDE_IN_FRAMEWORK_HEADER = NO;
				CODE_SIGN_STYLE = Automatic;
				DEAD_CODE_STRIPPING = YES;
				FRAMEWORK_SEARCH_PATHS = (
					"$(inherited)",
					"$(USER_LIBRARY_DIR)/Frameworks",
				);
				GCC_PREPROCESSOR_DEFINITIONS = "$(inherited)";
				LD_RUNPATH_SEARCH_PATHS = (
					"$(inherited)",
					"$(USER_LIBRARY_DIR)/Frameworks",
				);
				PRODUCT_NAME = "$(TARGET_NAME)";
			};
			name = Release;
		};
		499554CC27FF355500D04E66 /* Debug */ = {
			isa = XCBuildConfiguration;
			buildSettings = {
				CODE_SIGN_STYLE = Automatic;
				DEAD_CODE_STRIPPING = YES;
				GCC_PREPROCESSOR_DEFINITIONS = "$(inherited)";
				PRODUCT_NAME = "$(TARGET_NAME)";
			};
			name = Debug;
		};
		499554CD27FF355500D04E66 /* Release */ = {
			isa = XCBuildConfiguration;
			buildSettings = {
				CODE_SIGN_STYLE = Automatic;
				DEAD_CODE_STRIPPING = YES;
				GCC_PREPROCESSOR_DEFINITIONS = "$(inherited)";
				PRODUCT_NAME = "$(TARGET_NAME)";
			};
			name = Release;
		};
/* End XCBuildConfiguration section */

/* Begin XCConfigurationList section */
		491958C82808709A0012F306 /* Build configuration list for PBXNativeTarget "OfficeClock" */ = {
			isa = XCConfigurationList;
			buildConfigurations = (
				491958C92808709A0012F306 /* Debug */,
				491958CA2808709A0012F306 /* Release */,
			);
			defaultConfigurationIsVisible = 0;
			defaultConfigurationName = Release;
		};
		4995545A27FB42FC00D04E66 /* Build configuration list for PBXProject "Clocks" */ = {
			isa = XCConfigurationList;
			buildConfigurations = (
				4995546D27FB42FE00D04E66 /* Debug */,
				4995546E27FB42FE00D04E66 /* Release */,
			);
			defaultConfigurationIsVisible = 0;
			defaultConfigurationName = Release;
		};
		4995548127FCFD5400D04E66 /* Build configuration list for PBXNativeTarget "EtherClock" */ = {
			isa = XCConfigurationList;
			buildConfigurations = (
				4995548227FCFD5400D04E66 /* Debug */,
				4995548327FCFD5400D04E66 /* Release */,
			);
			defaultConfigurationIsVisible = 0;
			defaultConfigurationName = Release;
		};
		499554CB27FF355500D04E66 /* Build configuration list for PBXNativeTarget "WordClock" */ = {
			isa = XCConfigurationList;
			buildConfigurations = (
				499554CC27FF355500D04E66 /* Debug */,
				499554CD27FF355500D04E66 /* Release */,
			);
			defaultConfigurationIsVisible = 0;
			defaultConfigurationName = Release;
		};
/* End XCConfigurationList section */
	};
	rootObject = 4995545727FB42FC00D04E66 /* Project object */;
}
