// !$*UTF8*$!
{
	archiveVersion = 1;
	classes = {
	};
	objectVersion = 55;
	objects = {

/* Begin PBXBuildFile section */
		491958C72808709A0012F306 /* main.cpp in Sources */ = {isa = PBXBuildFile; fileRef = 491958C62808709A0012F306 /* main.cpp */; };
		497E4DE62CEECBF60079D258 /* WordClock.cpp in Sources */ = {isa = PBXBuildFile; fileRef = 497E4DE52CEECBF60079D258 /* WordClock.cpp */; };
		499554A127FDD84600D04E66 /* main.cpp in Sources */ = {isa = PBXBuildFile; fileRef = 499554A027FDD84600D04E66 /* main.cpp */; };
		499554CA27FF355500D04E66 /* main.cpp in Sources */ = {isa = PBXBuildFile; fileRef = 499554C927FF355500D04E66 /* main.cpp */; };
		499554CE27FF355F00D04E66 /* Cocoa.framework in Frameworks */ = {isa = PBXBuildFile; fileRef = 499554BC27FE59D900D04E66 /* Cocoa.framework */; };
		499554CF27FF356600D04E66 /* OpenGL.framework in Frameworks */ = {isa = PBXBuildFile; fileRef = 499554BE27FE59EC00D04E66 /* OpenGL.framework */; };
		4995551527FF96E500D04E66 /* WordClock-Wawati-800.png in CopyFiles */ = {isa = PBXBuildFile; fileRef = 4995551427FF96CC00D04E66 /* WordClock-Wawati-800.png */; };
		49B0FBCF2804AACA00F07F3E /* WordClock-Hoefler-800.png in CopyFiles */ = {isa = PBXBuildFile; fileRef = 49B0FBCD2804AAC200F07F3E /* WordClock-Hoefler-800.png */; };
		49C076DB2F5F030400AFB468 /* libESPlib.a in Frameworks */ = {isa = PBXBuildFile; fileRef = 49C076D62F5F02AA00AFB468 /* libESPlib.a */; };
		49EB4B5E2CF259A50083A081 /* libcurl.tbd in Frameworks */ = {isa = PBXBuildFile; fileRef = 49EB4B5D2CF259A50083A081 /* libcurl.tbd */; };
		49EB4B642CF389300083A081 /* Etherclock.cpp in Sources */ = {isa = PBXBuildFile; fileRef = 49EB4B632CF389300083A081 /* Etherclock.cpp */; };
		49EB4B722CF3EB530083A081 /* OfficeClock.cpp in Sources */ = {isa = PBXBuildFile; fileRef = 49EB4B712CF3EB530083A081 /* OfficeClock.cpp */; };
		49EB4B732CF3FB370083A081 /* libcurl.tbd in Frameworks */ = {isa = PBXBuildFile; fileRef = 49EB4B5D2CF259A50083A081 /* libcurl.tbd */; };
/* End PBXBuildFile section */

/* Begin PBXContainerItemProxy section */
		49C076D32F5F02AA00AFB468 /* PBXContainerItemProxy */ = {
			isa = PBXContainerItemProxy;
			containerPortal = 49C076C32F5F02AA00AFB468 /* ESPlib.xcodeproj */;
			proxyType = 2;
			remoteGlobalIDString = 495AB4572E9C730A00C4C2C4;
			remoteInfo = Vesper;
		};
		49C076D52F5F02AA00AFB468 /* PBXContainerItemProxy */ = {
			isa = PBXContainerItemProxy;
			containerPortal = 49C076C32F5F02AA00AFB468 /* ESPlib.xcodeproj */;
			proxyType = 2;
			remoteGlobalIDString = 49E65B012E9C36F800D3C6C5;
			remoteInfo = ESPlib;
		};
		49C076D72F5F02AA00AFB468 /* PBXContainerItemProxy */ = {
			isa = PBXContainerItemProxy;
			containerPortal = 49C076C32F5F02AA00AFB468 /* ESPlib.xcodeproj */;
			proxyType = 2;
			remoteGlobalIDString = 4927442B2E9D94D000AF8FA1;
			remoteInfo = webby;
		};
		49C076D92F5F02FA00AFB468 /* PBXContainerItemProxy */ = {
			isa = PBXContainerItemProxy;
			containerPortal = 49C076C32F5F02AA00AFB468 /* ESPlib.xcodeproj */;
			proxyType = 1;
			remoteGlobalIDString = 49E65B002E9C36F800D3C6C5;
			remoteInfo = ESPlib;
		};
/* End PBXContainerItemProxy section */

/* Begin PBXCopyFilesBuildPhase section */
		491958C22808709A0012F306 /* CopyFiles */ = {
			isa = PBXCopyFilesBuildPhase;
			buildActionMask = 2147483647;
			dstPath = /usr/share/man/man1/;
			dstSubfolderSpec = 0;
			files = (
			);
			runOnlyForDeploymentPostprocessing = 1;
		};
		4995547B27FCFD5400D04E66 /* CopyFiles */ = {
			isa = PBXCopyFilesBuildPhase;
			buildActionMask = 2147483647;
			dstPath = /usr/share/man/man1/;
			dstSubfolderSpec = 0;
			files = (
			);
			runOnlyForDeploymentPostprocessing = 1;
		};
		499554C527FF355500D04E66 /* CopyFiles */ = {
			isa = PBXCopyFilesBuildPhase;
			buildActionMask = 12;
			dstPath = "";
			dstSubfolderSpec = 16;
			files = (
				49B0FBCF2804AACA00F07F3E /* WordClock-Hoefler-800.png in CopyFiles */,
				4995551527FF96E500D04E66 /* WordClock-Wawati-800.png in CopyFiles */,
			);
			runOnlyForDeploymentPostprocessing = 0;
		};
/* End PBXCopyFilesBuildPhase section */

/* Begin PBXFileReference section */
		491958C42808709A0012F306 /* OfficeClock */ = {isa = PBXFileReference; explicitFileType = "compiled.mach-o.executable"; includeInIndex = 0; path = OfficeClock; sourceTree = BUILT_PRODUCTS_DIR; };
		491958C62808709A0012F306 /* main.cpp */ = {isa = PBXFileReference; lastKnownFileType = sourcecode.cpp.cpp; path = main.cpp; sourceTree = "<group>"; };
		491958CD280877530012F306 /* OfficeClock.ino */ = {isa = PBXFileReference; explicitFileType = sourcecode.cpp.cpp; fileEncoding = 4; name = OfficeClock.ino; path = ../OfficeClock/OfficeClock.ino; sourceTree = "<group>"; xcLanguageSpecificationIdentifier = xcode.lang.cpp; };
		491958CF280890790012F306 /* WordClock.ino */ = {isa = PBXFileReference; explicitFileType = sourcecode.cpp.cpp; fileEncoding = 4; name = WordClock.ino; path = ../../WordClock/WordClock.ino; sourceTree = "<group>"; };
		491958D2280890BA0012F306 /* Etherclock.ino */ = {isa = PBXFileReference; explicitFileType = sourcecode.cpp.cpp; fileEncoding = 4; name = Etherclock.ino; path = ../Etherclock/Etherclock.ino; sourceTree = "<group>"; };
		497E4DE42CEECBF60079D258 /* WordClock.h */ = {isa = PBXFileReference; lastKnownFileType = sourcecode.c.h; name = WordClock.h; path = ../WordClock/WordClock.h; sourceTree = SOURCE_ROOT; };
		497E4DE52CEECBF60079D258 /* WordClock.cpp */ = {isa = PBXFileReference; lastKnownFileType = sourcecode.cpp.cpp; name = WordClock.cpp; path = ../WordClock/WordClock.cpp; sourceTree = SOURCE_ROOT; };
		4995547D27FCFD5400D04E66 /* EtherClock */ = {isa = PBXFileReference; explicitFileType = "compiled.mach-o.executable"; includeInIndex = 0; path = EtherClock; sourceTree = BUILT_PRODUCTS_DIR; };
		4995549D27FD07CB00D04E66 /* SDL2.framework */ = {isa = PBXFileReference; lastKnownFileType = wrapper.framework; name = SDL2.framework; path = ../../../../Library/Frameworks/SDL2.framework; sourceTree = "<group>"; };
		499554A027FDD84600D04E66 /* main.cpp */ = {isa = PBXFileReference; fileEncoding = 4; lastKnownFileType = sourcecode.cpp.cpp; path = main.cpp; sourceTree = "<group>"; };
		499554BC27FE59D900D04E66 /* Cocoa.framework */ = {isa = PBXFileReference; lastKnownFileType = wrapper.framework; name = Cocoa.framework; path = System/Library/Frameworks/Cocoa.framework; sourceTree = SDKROOT; };
		499554BE27FE59EC00D04E66 /* OpenGL.framework */ = {isa = PBXFileReference; lastKnownFileType = wrapper.framework; name = OpenGL.framework; path = System/Library/Frameworks/OpenGL.framework; sourceTree = SDKROOT; };
		499554C727FF355500D04E66 /* WordClock */ = {isa = PBXFileReference; explicitFileType = "compiled.mach-o.executable"; includeInIndex = 0; path = WordClock; sourceTree = BUILT_PRODUCTS_DIR; };
		499554C927FF355500D04E66 /* main.cpp */ = {isa = PBXFileReference; lastKnownFileType = sourcecode.cpp.cpp; path = main.cpp; sourceTree = "<group>"; };
		4995551327FF96CC00D04E66 /* WordClock-Wawati-1600.png */ = {isa = PBXFileReference; lastKnownFileType = image.png; name = "WordClock-Wawati-1600.png"; path = "../../WordClock/WordClock-Wawati-1600.png"; sourceTree = "<group>"; };
		4995551427FF96CC00D04E66 /* WordClock-Wawati-800.png */ = {isa = PBXFileReference; lastKnownFileType = image.png; name = "WordClock-Wawati-800.png"; path = "../../WordClock/WordClock-Wawati-800.png"; sourceTree = "<group>"; };
		49B0FBCD2804AAC200F07F3E /* WordClock-Hoefler-800.png */ = {isa = PBXFileReference; lastKnownFileType = image.png; name = "WordClock-Hoefler-800.png"; path = "../../WordClock/WordClock-Hoefler-800.png"; sourceTree = "<group>"; };
		49B0FBCE2804AAC200F07F3E /* WordClock-Hoefler-1600.png */ = {isa = PBXFileReference; lastKnownFileType = image.png; name = "WordClock-Hoefler-1600.png"; path = "../../WordClock/WordClock-Hoefler-1600.png"; sourceTree = "<group>"; };
		49C076C32F5F02AA00AFB468 /* ESPlib.xcodeproj */ = {isa = PBXFileReference; lastKnownFileType = "wrapper.pb-project"; name = ESPlib.xcodeproj; path = ../ESPlib/mac/ESPlib.xcodeproj; sourceTree = SOURCE_ROOT; };
		49C07EA72F5F2FD400AFB468 /* CMakeLists.txt */ = {isa = PBXFileReference; lastKnownFileType = text; path = CMakeLists.txt; sourceTree = "<group>"; };
		49C07EA82F5F2FD400AFB468 /* idf_component.yml */ = {isa = PBXFileReference; lastKnownFileType = text.yaml; path = idf_component.yml; sourceTree = "<group>"; };
		49C07EA92F5F2FD400AFB468 /* main.cpp */ = {isa = PBXFileReference; lastKnownFileType = sourcecode.cpp.cpp; path = main.cpp; sourceTree = "<group>"; };
		49C087132F5F2FD400AFB468 /* CMakeLists.txt */ = {isa = PBXFileReference; lastKnownFileType = text; path = CMakeLists.txt; sourceTree = "<group>"; };
		49C087152F5F2FD400AFB468 /* sdkconfig */ = {isa = PBXFileReference; lastKnownFileType = text; path = sdkconfig; sourceTree = "<group>"; };
		49EB4B5D2CF259A50083A081 /* libcurl.tbd */ = {isa = PBXFileReference; lastKnownFileType = "sourcecode.text-based-dylib-definition"; name = libcurl.tbd; path = usr/lib/libcurl.tbd; sourceTree = SDKROOT; };
		49EB4B622CF389300083A081 /* Etherclock.h */ = {isa = PBXFileReference; lastKnownFileType = sourcecode.c.h; name = Etherclock.h; path = ../Etherclock/Etherclock.h; sourceTree = SOURCE_ROOT; };
		49EB4B632CF389300083A081 /* Etherclock.cpp */ = {isa = PBXFileReference; lastKnownFileType = sourcecode.cpp.cpp; name = Etherclock.cpp; path = ../Etherclock/Etherclock.cpp; sourceTree = SOURCE_ROOT; };
		49EB4B702CF3EB530083A081 /* OfficeClock.h */ = {isa = PBXFileReference; lastKnownFileType = sourcecode.c.h; name = OfficeClock.h; path = ../OfficeClock/OfficeClock.h; sourceTree = SOURCE_ROOT; };
		49EB4B712CF3EB530083A081 /* OfficeClock.cpp */ = {isa = PBXFileReference; lastKnownFileType = sourcecode.cpp.cpp; name = OfficeClock.cpp; path = ../OfficeClock/OfficeClock.cpp; sourceTree = SOURCE_ROOT; };
/* End PBXFileReference section */

/* Begin PBXFrameworksBuildPhase section */
		491958C12808709A0012F306 /* Frameworks */ = {
			isa = PBXFrameworksBuildPhase;
			buildActionMask = 2147483647;
			files = (
				49C076DB2F5F030400AFB468 /* libESPlib.a in Frameworks */,
				49EB4B732CF3FB370083A081 /* libcurl.tbd in Frameworks */,
			);
			runOnlyForDeploymentPostprocessing = 0;
		};
		4995547A27FCFD5400D04E66 /* Frameworks */ = {
			isa = PBXFrameworksBuildPhase;
			buildActionMask = 2147483647;
			files = (
				49EB4B5E2CF259A50083A081 /* libcurl.tbd in Frameworks */,
			);
			runOnlyForDeploymentPostprocessing = 0;
		};
		499554C427FF355500D04E66 /* Frameworks */ = {
			isa = PBXFrameworksBuildPhase;
			buildActionMask = 2147483647;
			files = (
				499554CE27FF355F00D04E66 /* Cocoa.framework in Frameworks */,
				499554CF27FF356600D04E66 /* OpenGL.framework in Frameworks */,
			);
			runOnlyForDeploymentPostprocessing = 0;
		};
/* End PBXFrameworksBuildPhase section */

/* Begin PBXGroup section */
		491958BE28086EFD0012F306 /* mac */ = {
			isa = PBXGroup;
			children = (
				499554C927FF355500D04E66 /* main.cpp */,
			);
			name = mac;
			sourceTree = "<group>";
		};
		491958BF28086F420012F306 /* esp */ = {
			isa = PBXGroup;
			children = (
				491958CF280890790012F306 /* WordClock.ino */,
			);
			name = esp;
			sourceTree = "<group>";
		};
		491958C52808709A0012F306 /* OfficeClock */ = {
			isa = PBXGroup;
			children = (
				49C087162F5F2FD400AFB468 /* espidf */,
				49EB4B712CF3EB530083A081 /* OfficeClock.cpp */,
				49EB4B702CF3EB530083A081 /* OfficeClock.h */,
				491958CE2808904E0012F306 /* mac */,
				491958CC280876D50012F306 /* esp */,
			);
			path = OfficeClock;
			sourceTree = "<group>";
		};
		491958CC280876D50012F306 /* esp */ = {
			isa = PBXGroup;
			children = (
				491958CD280877530012F306 /* OfficeClock.ino */,
			);
			name = esp;
			path = ..;
			sourceTree = "<group>";
		};
		491958CE2808904E0012F306 /* mac */ = {
			isa = PBXGroup;
			children = (
				491958C62808709A0012F306 /* main.cpp */,
			);
			name = mac;
			sourceTree = "<group>";
		};
		491958D0280890930012F306 /* mac */ = {
			isa = PBXGroup;
			children = (
				499554A027FDD84600D04E66 /* main.cpp */,
			);
			name = mac;
			path = EtherClock;
			sourceTree = "<group>";
		};
		491958D12808909B0012F306 /* esp */ = {
			isa = PBXGroup;
			children = (
				491958D2280890BA0012F306 /* Etherclock.ino */,
			);
			name = esp;
			sourceTree = "<group>";
		};
		4995545627FB42FC00D04E66 = {
			isa = PBXGroup;
			children = (
				49C076C32F5F02AA00AFB468 /* ESPlib.xcodeproj */,
				4995547827FCFC4500D04E66 /* Etherclock */,
				499554C827FF355500D04E66 /* WordClock */,
				491958C52808709A0012F306 /* OfficeClock */,
				4995546027FB42FC00D04E66 /* Products */,
				4995549C27FD07CA00D04E66 /* Frameworks */,
			);
			sourceTree = "<group>";
		};
		4995546027FB42FC00D04E66 /* Products */ = {
			isa = PBXGroup;
			children = (
				4995547D27FCFD5400D04E66 /* EtherClock */,
				499554C727FF355500D04E66 /* WordClock */,
				491958C42808709A0012F306 /* OfficeClock */,
			);
			name = Products;
			sourceTree = "<group>";
		};
		4995547827FCFC4500D04E66 /* Etherclock */ = {
			isa = PBXGroup;
			children = (
				49EB4B622CF389300083A081 /* Etherclock.h */,
				49EB4B632CF389300083A081 /* Etherclock.cpp */,
				491958D12808909B0012F306 /* esp */,
				491958D0280890930012F306 /* mac */,
			);
			name = Etherclock;
			sourceTree = "<group>";
		};
		4995549C27FD07CA00D04E66 /* Frameworks */ = {
			isa = PBXGroup;
			children = (
				49EB4B5D2CF259A50083A081 /* libcurl.tbd */,
				499554BE27FE59EC00D04E66 /* OpenGL.framework */,
				499554BC27FE59D900D04E66 /* Cocoa.framework */,
				4995549D27FD07CB00D04E66 /* SDL2.framework */,
			);
			name = Frameworks;
			sourceTree = "<group>";
		};
		499554C827FF355500D04E66 /* WordClock */ = {
			isa = PBXGroup;
			children = (
				497E4DE42CEECBF60079D258 /* WordClock.h */,
				497E4DE52CEECBF60079D258 /* WordClock.cpp */,
				491958BF28086F420012F306 /* esp */,
				491958BE28086EFD0012F306 /* mac */,
				49B0FBCD2804AAC200F07F3E /* WordClock-Hoefler-800.png */,
				49B0FBCE2804AAC200F07F3E /* WordClock-Hoefler-1600.png */,
				4995551427FF96CC00D04E66 /* WordClock-Wawati-800.png */,
				4995551327FF96CC00D04E66 /* WordClock-Wawati-1600.png */,
			);
			path = WordClock;
			sourceTree = "<group>";
		};
		49C076CE2F5F02AA00AFB468 /* Products */ = {
			isa = PBXGroup;
			children = (
				49C076D42F5F02AA00AFB468 /* Vesper */,
				49C076D62F5F02AA00AFB468 /* libESPlib.a */,
				49C076D82F5F02AA00AFB468 /* webby */,
			);
			name = Products;
			sourceTree = "<group>";
		};
		49C07EAA2F5F2FD400AFB468 /* main */ = {
			isa = PBXGroup;
			children = (
				49C07EA72F5F2FD400AFB468 /* CMakeLists.txt */,
				49C07EA82F5F2FD400AFB468 /* idf_component.yml */,
				49C07EA92F5F2FD400AFB468 /* main.cpp */,
			);
			path = main;
			sourceTree = "<group>";
		};
		49C087162F5F2FD400AFB468 /* espidf */ = {
			isa = PBXGroup;
			children = (
				49C07EAA2F5F2FD400AFB468 /* main */,
				49C087132F5F2FD400AFB468 /* CMakeLists.txt */,
				49C087152F5F2FD400AFB468 /* sdkconfig */,
			);
			name = espidf;
			path = ../OfficeClock/espidf;
			sourceTree = SOURCE_ROOT;
		};
/* End PBXGroup section */

/* Begin PBXNativeTarget section */
		491958C32808709A0012F306 /* OfficeClock */ = {
			isa = PBXNativeTarget;
			buildConfigurationList = 491958C82808709A0012F306 /* Build configuration list for PBXNativeTarget "OfficeClock" */;
			buildPhases = (
				491958C02808709A0012F306 /* Sources */,
				491958C12808709A0012F306 /* Frameworks */,
				491958C22808709A0012F306 /* CopyFiles */,
			);
			buildRules = (
			);
			dependencies = (
				49C076DA2F5F02FA00AFB468 /* PBXTargetDependency */,
			);
			name = OfficeClock;
			productName = OfficeClock;
			productReference = 491958C42808709A0012F306 /* OfficeClock */;
			productType = "com.apple.product-type.tool";
		};
		4995547C27FCFD5400D04E66 /* EtherClock */ = {
			isa = PBXNativeTarget;
			buildConfigurationList = 4995548127FCFD5400D04E66 /* Build configuration list for PBXNativeTarget "EtherClock" */;
			buildPhases = (
				4995547927FCFD5400D04E66 /* Sources */,
				4995547A27FCFD5400D04E66 /* Frameworks */,
				4995547B27FCFD5400D04E66 /* CopyFiles */,
			);
			buildRules = (
			);
			dependencies = (
			);
			name = EtherClock;
			productName = EtherClock;
			productReference = 4995547D27FCFD5400D04E66 /* EtherClock */;
			productType = "com.apple.product-type.tool";
		};
		499554C627FF355500D04E66 /* WordClock */ = {
			isa = PBXNativeTarget;
			buildConfigurationList = 499554CB27FF355500D04E66 /* Build configuration list for PBXNativeTarget "WordClock" */;
			buildPhases = (
				499554C327FF355500D04E66 /* Sources */,
				499554C427FF355500D04E66 /* Frameworks */,
				499554C527FF355500D04E66 /* CopyFiles */,
			);
			buildRules = (
			);
			dependencies = (
			);
			name = WordClock;
			productName = WordClock;
			productReference = 499554C727FF355500D04E66 /* WordClock */;
			productType = "com.apple.product-type.tool";
		};
/* End PBXNativeTarget section */

/* Begin PBXProject section */
		4995545727FB42FC00D04E66 /* Project object */ = {
			isa = PBXProject;
			attributes = {
				BuildIndependentTargetsInParallel = 1;
				LastUpgradeCheck = 2630;
				TargetAttributes = {
					491958C32808709A0012F306 = {
						CreatedOnToolsVersion = 13.3.1;
						LastSwiftMigration = 1610;
					};
					4995547C27FCFD5400D04E66 = {
						CreatedOnToolsVersion = 13.3;
						LastSwiftMigration = 1610;
					};
					499554C627FF355500D04E66 = {
						CreatedOnToolsVersion = 13.3;
					};
				};
			};
			buildConfigurationList = 4995545A27FB42FC00D04E66 /* Build configuration list for PBXProject "Clocks" */;
			compatibilityVersion = "Xcode 13.0";
			developmentRegion = en;
			hasScannedForEncodings = 0;
			knownRegions = (
				en,
				Base,
			);
			mainGroup = 4995545627FB42FC00D04E66;
			productRefGroup = 4995546027FB42FC00D04E66 /* Products */;
			projectDirPath = "";
			projectReferences = (
				{
					ProductGroup = 49C076CE2F5F02AA00AFB468 /* Products */;
					ProjectRef = 49C076C32F5F02AA00AFB468 /* ESPlib.xcodeproj */;
				},
			);
			projectRoot = "";
			targets = (
				4995547C27FCFD5400D04E66 /* EtherClock */,
				499554C627FF355500D04E66 /* WordClock */,
				491958C32808709A0012F306 /* OfficeClock */,
			);
		};
/* End PBXProject section */

/* Begin PBXReferenceProxy section */
		49C076D42F5F02AA00AFB468 /* Vesper */ = {
			isa = PBXReferenceProxy;
			fileType = "compiled.mach-o.executable";
			path = Vesper;
			remoteRef = 49C076D32F5F02AA00AFB468 /* PBXContainerItemProxy */;
			sourceTree = BUILT_PRODUCTS_DIR;
		};
		49C076D62F5F02AA00AFB468 /* libESPlib.a */ = {
			isa = PBXReferenceProxy;
			fileType = archive.ar;
			path = libESPlib.a;
			remoteRef = 49C076D52F5F02AA00AFB468 /* PBXContainerItemProxy */;
			sourceTree = BUILT_PRODUCTS_DIR;
		};
		49C076D82F5F02AA00AFB468 /* webby */ = {
			isa = PBXReferenceProxy;
			fileType = "compiled.mach-o.executable";
			path = webby;
			remoteRef = 49C076D72F5F02AA00AFB468 /* PBXContainerItemProxy */;
			sourceTree = BUILT_PRODUCTS_DIR;
		};
/* End PBXReferenceProxy section */

/* Begin PBXSourcesBuildPhase section */
		491958C02808709A0012F306 /* Sources */ = {
			isa = PBXSourcesBuildPhase;
			buildActionMask = 2147483647;
			files = (
				491958C72808709A0012F306 /* main.cpp in Sources */,
				49EB4B722CF3EB530083A081 /* OfficeClock.cpp in Sources */,
			);
			runOnlyForDeploymentPostprocessing = 0;
		};
		4995547927FCFD5400D04E66 /* Sources */ = {
			isa = PBXSourcesBuildPhase;
			buildActionMask = 2147483647;
			files = (
				499554A127FDD84600D04E66 /* main.cpp in Sources */,
				49EB4B642CF389300083A081 /* Etherclock.cpp in Sources */,
			);
			runOnlyForDeploymentPostprocessing = 0;
		};
		499554C327FF355500D04E66 /* Sources */ = {
			isa = PBXSourcesBuildPhase;
			buildActionMask = 2147483647;
			files = (
				497E4DE62CEECBF60079D258 /* WordClock.cpp in Sources */,
				499554CA27FF355500D04E66 /* main.cpp in Sources */,
			);
			runOnlyForDeploymentPostprocessing = 0;
		};
/* End PBXSourcesBuildPhase section */

/* Begin PBXTargetDependency section */
		49C076DA2F5F02FA00AFB468 /* PBXTargetDependency */ = {
			isa = PBXTargetDependency;
			name = ESPlib;
			targetProxy = 49C076D92F5F02FA00AFB468 /* PBXContainerItemProxy */;
		};
/* End PBXTargetDependency section */

/* Begin XCBuildConfiguration section */
		491958C92808709A0012F306 /* Debug */ = {
			isa = XCBuildConfiguration;
			buildSettings = {
				CLANG_ENABLE_MODULES = YES;
				CODE_SIGN_STYLE = Automatic;
				DEAD_CODE_STRIPPING = YES;
				GCC_PREPROCESSOR_DEFINITIONS = "$(inherited)";
				HEADER_SEARCH_PATHS = (
					"$(PROJECT_DIR)/../ESPlib",
					"$(PROJECT_DIR)/../ESPlib/lua/lua-5.4.8/src",
				);
				PRODUCT_NAME = "$(TARGET_NAME)";
				SWIFT_OPTIMIZATION_LEVEL = "-Onone";
				SWIFT_VERSION = 6.0;
			};
			name = Debug;
		};
		491958CA2808709A0012F306 /* Release */ = {
			isa = XCBuildConfiguration;
			buildSettings = {
				CLANG_ENABLE_MODULES = YES;
				CODE_SIGN_STYLE = Automatic;
				DEAD_CODE_STRIPPING = YES;
				GCC_PREPROCESSOR_DEFINITIONS = "$(inherited)";
				HEADER_SEARCH_PATHS = (
					"$(PROJECT_DIR)/../ESPlib",
					"$(PROJECT_DIR)/../ESPlib/lua/lua-5.4.8/src",
				);
				PRODUCT_NAME = "$(TARGET_NAME)";
				SWIFT_VERSION = 6.0;
			};
			name = Release;
		};
		4995546D27FB42FE00D04E66 /* Debug */ = {
			isa = XCBuildConfiguration;
			buildSettings = {
				ALWAYS_SEARCH_USER_PATHS = NO;
				ASSETCATALOG_COMPILER_GENERATE_SWIFT_ASSET_SYMBOL_EXTENSIONS = YES;
				CLANG_ANALYZER_NONNULL = YES;
				CLANG_ANALYZER_NUMBER_OBJECT_CONVERSION = YES_AGGRESSIVE;
				CLANG_CXX_LANGUAGE_STANDARD = "c++20";
				CLANG_ENABLE_MODULES = YES;
				CLANG_ENABLE_OBJC_ARC = YES;
				CLANG_ENABLE_OBJC_WEAK = YES;
				CLANG_WARN_BLOCK_CAPTURE_AUTORELEASING = YES;
				CLANG_WARN_BOOL_CONVERSION = YES;
				CLANG_WARN_COMMA = YES;
				CLANG_WARN_CONSTANT_CONVERSION = YES;
				CLANG_WARN_DEPRECATED_OBJC_IMPLEMENTATIONS = YES;
				CLANG_WARN_DIRECT_OBJC_ISA_USAGE = YES_ERROR;
				CLANG_WARN_DOCUMENTATION_COMMENTS = YES;
				CLANG_WARN_EMPTY_BODY = YES;
				CLANG_WARN_ENUM_CONVERSION = YES;
				CLANG_WARN_INFINITE_RECURSION = YES;
				CLANG_WARN_INT_CONVERSION = YES;
				CLANG_WARN_NON_LITERAL_NULL_CONVERSION = YES;
				CLANG_WARN_OBJC_IMPLICIT_RETAIN_SELF = YES;
				CLANG_WARN_OBJC_LITERAL_CONVERSION = YES;
				CLANG_WARN_OBJC_ROOT_CLASS = YES_ERROR;
				CLANG_WARN_QUOTED_INCLUDE_IN_FRAMEWORK_HEADER = YES;
				CLANG_WARN_RANGE_LOOP_ANALYSIS = YES;
				CLANG_WARN_STRICT_PROTOTYPES = YES;
				CLANG_WARN_SUSPICIOUS_MOVE = YES;
				CLANG_WARN_UNGUARDED_AVAILABILITY = YES_AGGRESSIVE;
				CLANG_WARN_UNREACHABLE_CODE = YES;
				CLANG_WARN__DUPLICATE_METHOD_MATCH = YES;
				COPY_PHASE_STRIP = NO;
				DEAD_CODE_STRIPPING = YES;
				DEBUG_INFORMATION_FORMAT = dwarf;
				ENABLE_STRICT_OBJC_MSGSEND = YES;
				ENABLE_TESTABILITY = YES;
				ENABLE_USER_SCRIPT_SANDBOXING = YES;
				GCC_C_LANGUAGE_STANDARD = gnu11;
				GCC_DYNAMIC_NO_PIC = NO;
				GCC_NO_COMMON_BLOCKS = YES;
				GCC_OPTIMIZATION_LEVEL = 0;
				GCC_PREPROCESSOR_DEFINITIONS = (
					GL_SILENCE_DEPRECATION,
					"DEBUG=1",
				);
				GCC_WARN_64_TO_32_BIT_CONVERSION = YES;
				GCC_WARN_ABOUT_RETURN_TYPE = YES_ERROR;
				GCC_WARN_UNDECLARED_SELECTOR = YES;
				GCC_WARN_UNINITIALIZED_AUTOS = YES_AGGRESSIVE;
				GCC_WARN_UNUSED_FUNCTION = YES;
				GCC_WARN_UNUSED_VARIABLE = YES;
				MACOSX_DEPLOYMENT_TARGET = 12.3;
				MTL_ENABLE_DEBUG_INFO = INCLUDE_SOURCE;
				MTL_FAST_MATH = YES;
				ONLY_ACTIVE_ARCH = YES;
				SCAN_ALL_SOURCE_FILES_FOR_INCLUDES = NO;
				SDKROOT = macosx;
				STRING_CATALOG_GENERATE_SYMBOLS = YES;
			};
			name = Debug;
		};
		4995546E27FB42FE00D04E66 /* Release */ = {
			isa = XCBuildConfiguration;
			buildSettings = {
				ALWAYS_SEARCH_USER_PATHS = NO;
				ASSETCATALOG_COMPILER_GENERATE_SWIFT_ASSET_SYMBOL_EXTENSIONS = YES;
				CLANG_ANALYZER_NONNULL = YES;
				CLANG_ANALYZER_NUMBER_OBJECT_CONVERSION = YES_AGGRESSIVE;
				CLANG_CXX_LANGUAGE_STANDARD = "c++20";
				CLANG_ENABLE_MODULES = YES;
				CLANG_ENABLE_OBJC_ARC = YES;
				CLANG_ENABLE_OBJC_WEAK = YES;
				CLANG_WARN_BLOCK_CAPTURE_AUTORELEASING = YES;
				CLANG_WARN_BOOL_CONVERSION = YES;
				CLANG_WARN_COMMA = YES;
				CLANG_WARN_CONSTANT_CONVERSION = YES;
				CLANG_WARN_DEPRECATED_OBJC_IMPLEMENTATIONS = YES;
				CLANG_WARN_DIRECT_OBJC_ISA_USAGE = YES_ERROR;
				CLANG_WARN_DOCUMENTATION_COMMENTS = YES;
				CLANG_WARN_EMPTY_BODY = YES;
				CLANG_WARN_ENUM_CONVERSION = YES;
				CLANG_WARN_INFINITE_RECURSION = YES;
				CLANG_WARN_INT_CONVERSION = YES;
				CLANG_WARN_NON_LITERAL_NULL_CONVERSION = YES;
				CLANG_WARN_OBJC_IMPLICIT_RETAIN_SELF = YES;
				CLANG_WARN_OBJC_LITERAL_CONVERSION = YES;
				CLANG_WARN_OBJC_ROOT_CLASS = YES_ERROR;
				CLANG_WARN_QUOTED_INCLUDE_IN_FRAMEWORK_HEADER = YES;
				CLANG_WARN_RANGE_LOOP_ANALYSIS = YES;
				CLANG_WARN_STRICT_PROTOTYPES = YES;
				CLANG_WARN_SUSPICIOUS_MOVE = YES;
				CLANG_WARN_UNGUARDED_AVAILABILITY = YES_AGGRESSIVE;
				CLANG_WARN_UNREACHABLE_CODE = YES;
				CLANG_WARN__DUPLICATE_METHOD_MATCH = YES;
				COPY_PHASE_STRIP = NO;
				DEAD_CODE_STRIPPING = YES;
				DEBUG_INFORMATION_FORMAT = "dwarf-with-dsym";
				ENABLE_NS_ASSERTIONS = NO;
				ENABLE_STRICT_OBJC_MSGSEND = YES;
				ENABLE_USER_SCRIPT_SANDBOXING = YES;
				GCC_C_LANGUAGE_STANDARD = gnu11;
				GCC_NO_COMMON_BLOCKS = YES;
				GCC_PREPROCESSOR_DEFINITIONS = GL_SILENCE_DEPRECATION;
				GCC_WARN_64_TO_32_BIT_CONVERSION = YES;
				GCC_WARN_ABOUT_RETURN_TYPE = YES_ERROR;
				GCC_WARN_UNDECLARED_SELECTOR = YES;
				GCC_WARN_UNINITIALIZED_AUTOS = YES_AGGRESSIVE;
				GCC_WARN_UNUSED_FUNCTION = YES;
				GCC_WARN_UNUSED_VARIABLE = YES;
				MACOSX_DEPLOYMENT_TARGET = 12.3;
				MTL_ENABLE_DEBUG_INFO = NO;
				MTL_FAST_MATH = YES;
				SCAN_ALL_SOURCE_FILES_FOR_INCLUDES = NO;
				SDKROOT = macosx;
				STRING_CATALOG_GENERATE_SYMBOLS = YES;
			};
			name = Release;
		};
		4995548227FCFD5400D04E66 /* Debug */ = {
			isa = XCBuildConfiguration;
			buildSettings = {
				CLANG_ENABLE_MODULES = YES;
				CLANG_WARN_QUOTED_INCLUDE_IN_FRAMEWORK_HEADER = NO;
				CODE_SIGN_STYLE = Automatic;
				DEAD_CODE_STRIPPING = YES;
				FRAMEWORK_SEARCH_PATHS = (
					"$(inherited)",
					"$(USER_LIBRARY_DIR)/Frameworks",
				);
				GCC_PREPROCESSOR_DEFINITIONS = "$(inherited)";
				LD_RUNPATH_SEARCH_PATHS = (
					"$(inherited)",
					"$(USER_LIBRARY_DIR)/Frameworks",
				);
				PRODUCT_NAME = "$(TARGET_NAME)";
				SWIFT_OPTIMIZATION_LEVEL = "-Onone";
				SWIFT_VERSION = 6.0;
			};
			name = Debug;
		};
		4995548327FCFD5400D04E66 /* Release */ = {
			isa = XCBuildConfiguration;
			buildSettings = {
				CLANG_ENABLE_MODULES = YES;
				CLANG_WARN_QUOTED_INCLUDE_IN_FRAMEWORK_HEADER = NO;
				CODE_SIGN_STYLE = Automatic;
				DEAD_CODE_STRIPPING = YES;
				FRAMEWORK_SEARCH_PATHS = (
					"$(inherited)",
					"$(USER_LIBRARY_DIR)/Frameworks",
				);
				GCC_PREPROCESSOR_DEFINITIONS = "$(inherited)";
				LD_RUNPATH_SEARCH_PATHS = (
					"$(inherited)",
					"$(USER_LIBRARY_DIR)/Frameworks",
				);
				PRODUCT_NAME = "$(TARGET_NAME)";
				SWIFT_VERSION = 6.0;
			};
			name = Release;
		};
		499554CC27FF355500D04E66 /* Debug */ = {
			isa = XCBuildConfiguration;
			buildSettings = {
				CODE_SIGN_STYLE = Automatic;
				DEAD_CODE_STRIPPING = YES;
				GCC_PREPROCESSOR_DEFINITIONS = "$(inherited)";
				PRODUCT_NAME = "$(TARGET_NAME)";
			};
			name = Debug;
		};
		499554CD27FF355500D04E66 /* Release */ = {
			isa = XCBuildConfiguration;
			buildSettings = {
				CODE_SIGN_STYLE = Automatic;
				DEAD_CODE_STRIPPING = YES;
				GCC_PREPROCESSOR_DEFINITIONS = "$(inherited)";
				PRODUCT_NAME = "$(TARGET_NAME)";
			};
			name = Release;
		};
/* End XCBuildConfiguration section */

/* Begin XCConfigurationList section */
		491958C82808709A0012F306 /* Build configuration list for PBXNativeTarget "OfficeClock" */ = {
			isa = XCConfigurationList;
			buildConfigurations = (
				491958C92808709A0012F306 /* Debug */,
				491958CA2808709A0012F306 /* Release */,
			);
			defaultConfigurationIsVisible = 0;
			defaultConfigurationName = Release;
		};
		4995545A27FB42FC00D04E66 /* Build configuration list for PBXProject "Clocks" */ = {
			isa = XCConfigurationList;
			buildConfigurations = (
				4995546D27FB42FE00D04E66 /* Debug */,
				4995546E27FB42FE00D04E66 /* Release */,
			);
			defaultConfigurationIsVisible = 0;
			defaultConfigurationName = Release;
		};
		4995548127FCFD5400D04E66 /* Build configuration list for PBXNativeTarget "EtherClock" */ = {
			isa = XCConfigurationList;
			buildConfigurations = (
				4995548227FCFD5400D04E66 /* Debug */,
				4995548327FCFD5400D04E66 /* Release */,
			);
			defaultConfigurationIsVisible = 0;
			defaultConfigurationName = Release;
		};
		499554CB27FF355500D04E66 /* Build configuration list for PBXNativeTarget "WordClock" */ = {
			isa = XCConfigurationList;
			buildConfigurations = (
				499554CC27FF355500D04E66 /* Debug */,
				499554CD27FF355500D04E66 /* Release */,
			);
			defaultConfigurationIsVisible = 0;
			defaultConfigurationName = Release;
		};
/* End XCConfigurationList section */
	};
	rootObject = 4995545727FB42FC00D04E66 /* Project object */;
}
